
Microsoft Visual Studio Solution File, Format Version 12.00
# Visual Studio Version 16
VisualStudioVersion = 16.0.29519.181
MinimumVisualStudioVersion = 10.0.40219.1
Project("{FAE04EC0-301F-11D3-BF4B-00C04F79EFBC}") = "P409FirstApp", "P409FirstApp\P409FirstApp.csproj", "{664D101E-9D60-4315-9182-6DF7418DDC6A}"
EndProject
Global
	GlobalSection(SolutionConfigurationPlatforms) = preSolution
		Debug|Any CPU = Debug|Any CPU
		Release|Any CPU = Release|Any CPU
	EndGlobalSection
	GlobalSection(ProjectConfigurationPlatforms) = postSolution
		{664D101E-9D60-4315-9182-6DF7418DDC6A}.Debug|Any CPU.ActiveCfg = Debug|Any CPU
		{664D101E-9D60-4315-9182-6DF7418DDC6A}.Debug|Any CPU.Build.0 = Debug|Any CPU
		{664D101E-9D60-4315-9182-6DF7418DDC6A}.Release|Any CPU.ActiveCfg = Release|Any CPU
		{664D101E-9D60-4315-9182-6DF7418DDC6A}.Release|Any CPU.Build.0 = Release|Any CPU
	EndGlobalSection
	GlobalSection(SolutionProperties) = preSolution
		HideSolutionNode = FALSE
	EndGlobalSection
	GlobalSection(ExtensibilityGlobals) = postSolution
		SolutionGuid = {AD0BF55B-8396-4530-AA1F-9CB36CB646E0}
	EndGlobalSection
EndGlobal
